
Microsoft Visual Studio Solution File, Format Version 12.00
# Visual Studio Version 17
VisualStudioVersion = 17.10.34818.151
MinimumVisualStudioVersion = 10.0.40219.1
Project("{9A19103F-16F7-4668-BE54-9A1E7A4F7556}") = "RavishingVilla.Web", "RavishingVilla.Web\RavishingVilla.Web.csproj", "{9FD2E50A-E7DB-4CF4-8421-A50A57FE128C}"
EndProject
Project("{FAE04EC0-301F-11D3-BF4B-00C04F79EFBC}") = "RavishingVilla.Domain", "RavishingVilla.Domain\RavishingVilla.Domain.csproj", "{7C4087DF-EA46-4561-8E41-E39D37C9816E}"
EndProject
Project("{FAE04EC0-301F-11D3-BF4B-00C04F79EFBC}") = "RavishingVilla.Infrastructure", "RavishingVilla.Infrastructure\RavishingVilla.Infrastructure.csproj", "{41849A3F-CC64-4B6C-B861-37B199FFFEBF}"
EndProject
Project("{FAE04EC0-301F-11D3-BF4B-00C04F79EFBC}") = "RavishingVilla.Application", "RavishingVilla.Application\RavishingVilla.Application.csproj", "{1322B941-E347-4C2F-9B5B-4AA35A1D7190}"
EndProject
Global
	GlobalSection(SolutionConfigurationPlatforms) = preSolution
		Debug|Any CPU = Debug|Any CPU
		Release|Any CPU = Release|Any CPU
	EndGlobalSection
	GlobalSection(ProjectConfigurationPlatforms) = postSolution
		{9FD2E50A-E7DB-4CF4-8421-A50A57FE128C}.Debug|Any CPU.ActiveCfg = Debug|Any CPU
		{9FD2E50A-E7DB-4CF4-8421-A50A57FE128C}.Debug|Any CPU.Build.0 = Debug|Any CPU
		{9FD2E50A-E7DB-4CF4-8421-A50A57FE128C}.Release|Any CPU.ActiveCfg = Release|Any CPU
		{9FD2E50A-E7DB-4CF4-8421-A50A57FE128C}.Release|Any CPU.Build.0 = Release|Any CPU
		{7C4087DF-EA46-4561-8E41-E39D37C9816E}.Debug|Any CPU.ActiveCfg = Debug|Any CPU
		{7C4087DF-EA46-4561-8E41-E39D37C9816E}.Debug|Any CPU.Build.0 = Debug|Any CPU
		{7C4087DF-EA46-4561-8E41-E39D37C9816E}.Release|Any CPU.ActiveCfg = Release|Any CPU
		{7C4087DF-EA46-4561-8E41-E39D37C9816E}.Release|Any CPU.Build.0 = Release|Any CPU
		{41849A3F-CC64-4B6C-B861-37B199FFFEBF}.Debug|Any CPU.ActiveCfg = Debug|Any CPU
		{41849A3F-CC64-4B6C-B861-37B199FFFEBF}.Debug|Any CPU.Build.0 = Debug|Any CPU
		{41849A3F-CC64-4B6C-B861-37B199FFFEBF}.Release|Any CPU.ActiveCfg = Release|Any CPU
		{41849A3F-CC64-4B6C-B861-37B199FFFEBF}.Release|Any CPU.Build.0 = Release|Any CPU
		{1322B941-E347-4C2F-9B5B-4AA35A1D7190}.Debug|Any CPU.ActiveCfg = Debug|Any CPU
		{1322B941-E347-4C2F-9B5B-4AA35A1D7190}.Debug|Any CPU.Build.0 = Debug|Any CPU
		{1322B941-E347-4C2F-9B5B-4AA35A1D7190}.Release|Any CPU.ActiveCfg = Release|Any CPU
		{1322B941-E347-4C2F-9B5B-4AA35A1D7190}.Release|Any CPU.Build.0 = Release|Any CPU
	EndGlobalSection
	GlobalSection(SolutionProperties) = preSolution
		HideSolutionNode = FALSE
	EndGlobalSection
	GlobalSection(ExtensibilityGlobals) = postSolution
		SolutionGuid = {58553673-46CE-4CD6-95EF-07FEE07943F7}
	EndGlobalSection
EndGlobal
